
Microsoft Visual Studio Solution File, Format Version 12.00
# Visual Studio Version 17
VisualStudioVersion = 17.5.33530.505
MinimumVisualStudioVersion = 10.0.40219.1
Project("{FAE04EC0-301F-11D3-BF4B-00C04F79EFBC}") = "EjerciciossApp", "EjerciciossApp\EjerciciossApp.csproj", "{88A558C8-A363-472C-93D4-2E3A237BD1D0}"
EndProject
Project("{FAE04EC0-301F-11D3-BF4B-00C04F79EFBC}") = "ClasessApp", "ClasessApp\ClasessApp.csproj", "{90C705F0-5575-4186-8B35-CF5A971D1429}"
EndProject
Global
	GlobalSection(SolutionConfigurationPlatforms) = preSolution
		Debug|Any CPU = Debug|Any CPU
		Release|Any CPU = Release|Any CPU
	EndGlobalSection
	GlobalSection(ProjectConfigurationPlatforms) = postSolution
		{88A558C8-A363-472C-93D4-2E3A237BD1D0}.Debug|Any CPU.ActiveCfg = Debug|Any CPU
		{88A558C8-A363-472C-93D4-2E3A237BD1D0}.Debug|Any CPU.Build.0 = Debug|Any CPU
		{88A558C8-A363-472C-93D4-2E3A237BD1D0}.Release|Any CPU.ActiveCfg = Release|Any CPU
		{88A558C8-A363-472C-93D4-2E3A237BD1D0}.Release|Any CPU.Build.0 = Release|Any CPU
		{90C705F0-5575-4186-8B35-CF5A971D1429}.Debug|Any CPU.ActiveCfg = Debug|Any CPU
		{90C705F0-5575-4186-8B35-CF5A971D1429}.Debug|Any CPU.Build.0 = Debug|Any CPU
		{90C705F0-5575-4186-8B35-CF5A971D1429}.Release|Any CPU.ActiveCfg = Release|Any CPU
		{90C705F0-5575-4186-8B35-CF5A971D1429}.Release|Any CPU.Build.0 = Release|Any CPU
	EndGlobalSection
	GlobalSection(SolutionProperties) = preSolution
		HideSolutionNode = FALSE
	EndGlobalSection
	GlobalSection(ExtensibilityGlobals) = postSolution
		SolutionGuid = {DAD4BCCF-1DE9-459D-9F0F-8B354F82BED5}
	EndGlobalSection
EndGlobal
